
Microsoft Visual Studio Solution File, Format Version 12.00
# Visual Studio Version 16
VisualStudioVersion = 16.0.30711.63
MinimumVisualStudioVersion = 10.0.40219.1
Project("{9A19103F-16F7-4668-BE54-9A1E7A4F7556}") = "Challenge.Core", "Challenge.Core\Challenge.Core.csproj", "{8E9D5845-EF61-4590-BF31-1F888E37940F}"
EndProject
Project("{9A19103F-16F7-4668-BE54-9A1E7A4F7556}") = "Challenge.Infrastructure", "Challenge.Infrastructure\Challenge.Infrastructure.csproj", "{A5BFD20D-B7A9-48D7-91E2-272431A6B4E4}"
EndProject
Project("{9A19103F-16F7-4668-BE54-9A1E7A4F7556}") = "Challenge.SharedKernel", "Challenge.SharedKernel\Challenge.SharedKernel.csproj", "{EB29ED40-B15A-42D9-9FCD-7C98EEF60E3B}"
EndProject
Project("{9A19103F-16F7-4668-BE54-9A1E7A4F7556}") = "Challenge.Web.Blazor", "Challenge.Web.Blazor\Challenge.Web.Blazor.csproj", "{437C0B4C-F231-4297-AA83-25E3A2B9F7E0}"
EndProject
Project("{FAE04EC0-301F-11D3-BF4B-00C04F79EFBC}") = "Challenge.DT.UWP", "Challenge.DT.UWP\Challenge.DT.UWP.csproj", "{C476D874-9355-40DA-BAB7-F4FD8A4C5C5C}"
EndProject
Project("{2150E333-8FDC-42A3-9474-1A3956D46DE8}") = "src", "src", "{C5C5158F-FF3B-432C-8E21-6B452059F7B2}"
EndProject
Project("{2150E333-8FDC-42A3-9474-1A3956D46DE8}") = "apps", "apps", "{920B1D47-D6C4-46D5-9F15-74A04647BE54}"
EndProject
Project("{2150E333-8FDC-42A3-9474-1A3956D46DE8}") = "~Solution Items", "~Solution Items", "{EBB306AD-532C-4049-9C43-69A3D75CF437}"
	ProjectSection(SolutionItems) = preProject
		CircleGame.txt = CircleGame.txt
	EndProjectSection
EndProject
Project("{FAE04EC0-301F-11D3-BF4B-00C04F79EFBC}") = "Challenge.DT.Wpf", "Challenge.DT.Wpf\Challenge.DT.Wpf.csproj", "{50B92BE0-84F5-49D8-98A2-BB0E25F1CF85}"
EndProject
Global
	GlobalSection(SolutionConfigurationPlatforms) = preSolution
		Debug|Any CPU = Debug|Any CPU
		Debug|ARM = Debug|ARM
		Debug|ARM64 = Debug|ARM64
		Debug|x64 = Debug|x64
		Debug|x86 = Debug|x86
		Release|Any CPU = Release|Any CPU
		Release|ARM = Release|ARM
		Release|ARM64 = Release|ARM64
		Release|x64 = Release|x64
		Release|x86 = Release|x86
	EndGlobalSection
	GlobalSection(ProjectConfigurationPlatforms) = postSolution
		{8E9D5845-EF61-4590-BF31-1F888E37940F}.Debug|Any CPU.ActiveCfg = Debug|Any CPU
		{8E9D5845-EF61-4590-BF31-1F888E37940F}.Debug|Any CPU.Build.0 = Debug|Any CPU
		{8E9D5845-EF61-4590-BF31-1F888E37940F}.Debug|ARM.ActiveCfg = Debug|Any CPU
		{8E9D5845-EF61-4590-BF31-1F888E37940F}.Debug|ARM.Build.0 = Debug|Any CPU
		{8E9D5845-EF61-4590-BF31-1F888E37940F}.Debug|ARM64.ActiveCfg = Debug|Any CPU
		{8E9D5845-EF61-4590-BF31-1F888E37940F}.Debug|ARM64.Build.0 = Debug|Any CPU
		{8E9D5845-EF61-4590-BF31-1F888E37940F}.Debug|x64.ActiveCfg = Debug|Any CPU
		{8E9D5845-EF61-4590-BF31-1F888E37940F}.Debug|x64.Build.0 = Debug|Any CPU
		{8E9D5845-EF61-4590-BF31-1F888E37940F}.Debug|x86.ActiveCfg = Debug|Any CPU
		{8E9D5845-EF61-4590-BF31-1F888E37940F}.Debug|x86.Build.0 = Debug|Any CPU
		{8E9D5845-EF61-4590-BF31-1F888E37940F}.Release|Any CPU.ActiveCfg = Release|Any CPU
		{8E9D5845-EF61-4590-BF31-1F888E37940F}.Release|Any CPU.Build.0 = Release|Any CPU
		{8E9D5845-EF61-4590-BF31-1F888E37940F}.Release|ARM.ActiveCfg = Release|Any CPU
		{8E9D5845-EF61-4590-BF31-1F888E37940F}.Release|ARM.Build.0 = Release|Any CPU
		{8E9D5845-EF61-4590-BF31-1F888E37940F}.Release|ARM64.ActiveCfg = Release|Any CPU
		{8E9D5845-EF61-4590-BF31-1F888E37940F}.Release|ARM64.Build.0 = Release|Any CPU
		{8E9D5845-EF61-4590-BF31-1F888E37940F}.Release|x64.ActiveCfg = Release|Any CPU
		{8E9D5845-EF61-4590-BF31-1F888E37940F}.Release|x64.Build.0 = Release|Any CPU
		{8E9D5845-EF61-4590-BF31-1F888E37940F}.Release|x86.ActiveCfg = Release|Any CPU
		{8E9D5845-EF61-4590-BF31-1F888E37940F}.Release|x86.Build.0 = Release|Any CPU
		{A5BFD20D-B7A9-48D7-91E2-272431A6B4E4}.Debug|Any CPU.ActiveCfg = Debug|Any CPU
		{A5BFD20D-B7A9-48D7-91E2-272431A6B4E4}.Debug|Any CPU.Build.0 = Debug|Any CPU
		{A5BFD20D-B7A9-48D7-91E2-272431A6B4E4}.Debug|ARM.ActiveCfg = Debug|Any CPU
		{A5BFD20D-B7A9-48D7-91E2-272431A6B4E4}.Debug|ARM.Build.0 = Debug|Any CPU
		{A5BFD20D-B7A9-48D7-91E2-272431A6B4E4}.Debug|ARM64.ActiveCfg = Debug|Any CPU
		{A5BFD20D-B7A9-48D7-91E2-272431A6B4E4}.Debug|ARM64.Build.0 = Debug|Any CPU
		{A5BFD20D-B7A9-48D7-91E2-272431A6B4E4}.Debug|x64.ActiveCfg = Debug|Any CPU
		{A5BFD20D-B7A9-48D7-91E2-272431A6B4E4}.Debug|x64.Build.0 = Debug|Any CPU
		{A5BFD20D-B7A9-48D7-91E2-272431A6B4E4}.Debug|x86.ActiveCfg = Debug|Any CPU
		{A5BFD20D-B7A9-48D7-91E2-272431A6B4E4}.Debug|x86.Build.0 = Debug|Any CPU
		{A5BFD20D-B7A9-48D7-91E2-272431A6B4E4}.Release|Any CPU.ActiveCfg = Release|Any CPU
		{A5BFD20D-B7A9-48D7-91E2-272431A6B4E4}.Release|Any CPU.Build.0 = Release|Any CPU
		{A5BFD20D-B7A9-48D7-91E2-272431A6B4E4}.Release|ARM.ActiveCfg = Release|Any CPU
		{A5BFD20D-B7A9-48D7-91E2-272431A6B4E4}.Release|ARM.Build.0 = Release|Any CPU
		{A5BFD20D-B7A9-48D7-91E2-272431A6B4E4}.Release|ARM64.ActiveCfg = Release|Any CPU
		{A5BFD20D-B7A9-48D7-91E2-272431A6B4E4}.Release|ARM64.Build.0 = Release|Any CPU
		{A5BFD20D-B7A9-48D7-91E2-272431A6B4E4}.Release|x64.ActiveCfg = Release|Any CPU
		{A5BFD20D-B7A9-48D7-91E2-272431A6B4E4}.Release|x64.Build.0 = Release|Any CPU
		{A5BFD20D-B7A9-48D7-91E2-272431A6B4E4}.Release|x86.ActiveCfg = Release|Any CPU
		{A5BFD20D-B7A9-48D7-91E2-272431A6B4E4}.Release|x86.Build.0 = Release|Any CPU
		{EB29ED40-B15A-42D9-9FCD-7C98EEF60E3B}.Debug|Any CPU.ActiveCfg = Debug|Any CPU
		{EB29ED40-B15A-42D9-9FCD-7C98EEF60E3B}.Debug|Any CPU.Build.0 = Debug|Any CPU
		{EB29ED40-B15A-42D9-9FCD-7C98EEF60E3B}.Debug|ARM.ActiveCfg = Debug|Any CPU
		{EB29ED40-B15A-42D9-9FCD-7C98EEF60E3B}.Debug|ARM.Build.0 = Debug|Any CPU
		{EB29ED40-B15A-42D9-9FCD-7C98EEF60E3B}.Debug|ARM64.ActiveCfg = Debug|Any CPU
		{EB29ED40-B15A-42D9-9FCD-7C98EEF60E3B}.Debug|ARM64.Build.0 = Debug|Any CPU
		{EB29ED40-B15A-42D9-9FCD-7C98EEF60E3B}.Debug|x64.ActiveCfg = Debug|Any CPU
		{EB29ED40-B15A-42D9-9FCD-7C98EEF60E3B}.Debug|x64.Build.0 = Debug|Any CPU
		{EB29ED40-B15A-42D9-9FCD-7C98EEF60E3B}.Debug|x86.ActiveCfg = Debug|Any CPU
		{EB29ED40-B15A-42D9-9FCD-7C98EEF60E3B}.Debug|x86.Build.0 = Debug|Any CPU
		{EB29ED40-B15A-42D9-9FCD-7C98EEF60E3B}.Release|Any CPU.ActiveCfg = Release|Any CPU
		{EB29ED40-B15A-42D9-9FCD-7C98EEF60E3B}.Release|Any CPU.Build.0 = Release|Any CPU
		{EB29ED40-B15A-42D9-9FCD-7C98EEF60E3B}.Release|ARM.ActiveCfg = Release|Any CPU
		{EB29ED40-B15A-42D9-9FCD-7C98EEF60E3B}.Release|ARM.Build.0 = Release|Any CPU
		{EB29ED40-B15A-42D9-9FCD-7C98EEF60E3B}.Release|ARM64.ActiveCfg = Release|Any CPU
		{EB29ED40-B15A-42D9-9FCD-7C98EEF60E3B}.Release|ARM64.Build.0 = Release|Any CPU
		{EB29ED40-B15A-42D9-9FCD-7C98EEF60E3B}.Release|x64.ActiveCfg = Release|Any CPU
		{EB29ED40-B15A-42D9-9FCD-7C98EEF60E3B}.Release|x64.Build.0 = Release|Any CPU
		{EB29ED40-B15A-42D9-9FCD-7C98EEF60E3B}.Release|x86.ActiveCfg = Release|Any CPU
		{EB29ED40-B15A-42D9-9FCD-7C98EEF60E3B}.Release|x86.Build.0 = Release|Any CPU
		{437C0B4C-F231-4297-AA83-25E3A2B9F7E0}.Debug|Any CPU.ActiveCfg = Debug|Any CPU
		{437C0B4C-F231-4297-AA83-25E3A2B9F7E0}.Debug|Any CPU.Build.0 = Debug|Any CPU
		{437C0B4C-F231-4297-AA83-25E3A2B9F7E0}.Debug|ARM.ActiveCfg = Debug|Any CPU
		{437C0B4C-F231-4297-AA83-25E3A2B9F7E0}.Debug|ARM.Build.0 = Debug|Any CPU
		{437C0B4C-F231-4297-AA83-25E3A2B9F7E0}.Debug|ARM64.ActiveCfg = Debug|Any CPU
		{437C0B4C-F231-4297-AA83-25E3A2B9F7E0}.Debug|ARM64.Build.0 = Debug|Any CPU
		{437C0B4C-F231-4297-AA83-25E3A2B9F7E0}.Debug|x64.ActiveCfg = Debug|Any CPU
		{437C0B4C-F231-4297-AA83-25E3A2B9F7E0}.Debug|x64.Build.0 = Debug|Any CPU
		{437C0B4C-F231-4297-AA83-25E3A2B9F7E0}.Debug|x86.ActiveCfg = Debug|Any CPU
		{437C0B4C-F231-4297-AA83-25E3A2B9F7E0}.Debug|x86.Build.0 = Debug|Any CPU
		{437C0B4C-F231-4297-AA83-25E3A2B9F7E0}.Release|Any CPU.ActiveCfg = Release|Any CPU
		{437C0B4C-F231-4297-AA83-25E3A2B9F7E0}.Release|Any CPU.Build.0 = Release|Any CPU
		{437C0B4C-F231-4297-AA83-25E3A2B9F7E0}.Release|ARM.ActiveCfg = Release|Any CPU
		{437C0B4C-F231-4297-AA83-25E3A2B9F7E0}.Release|ARM.Build.0 = Release|Any CPU
		{437C0B4C-F231-4297-AA83-25E3A2B9F7E0}.Release|ARM64.ActiveCfg = Release|Any CPU
		{437C0B4C-F231-4297-AA83-25E3A2B9F7E0}.Release|ARM64.Build.0 = Release|Any CPU
		{437C0B4C-F231-4297-AA83-25E3A2B9F7E0}.Release|x64.ActiveCfg = Release|Any CPU
		{437C0B4C-F231-4297-AA83-25E3A2B9F7E0}.Release|x64.Build.0 = Release|Any CPU
		{437C0B4C-F231-4297-AA83-25E3A2B9F7E0}.Release|x86.ActiveCfg = Release|Any CPU
		{437C0B4C-F231-4297-AA83-25E3A2B9F7E0}.Release|x86.Build.0 = Release|Any CPU
		{C476D874-9355-40DA-BAB7-F4FD8A4C5C5C}.Debug|Any CPU.ActiveCfg = Debug|x86
		{C476D874-9355-40DA-BAB7-F4FD8A4C5C5C}.Debug|ARM.ActiveCfg = Debug|ARM
		{C476D874-9355-40DA-BAB7-F4FD8A4C5C5C}.Debug|ARM.Build.0 = Debug|ARM
		{C476D874-9355-40DA-BAB7-F4FD8A4C5C5C}.Debug|ARM.Deploy.0 = Debug|ARM
		{C476D874-9355-40DA-BAB7-F4FD8A4C5C5C}.Debug|ARM64.ActiveCfg = Debug|ARM64
		{C476D874-9355-40DA-BAB7-F4FD8A4C5C5C}.Debug|ARM64.Build.0 = Debug|ARM64
		{C476D874-9355-40DA-BAB7-F4FD8A4C5C5C}.Debug|ARM64.Deploy.0 = Debug|ARM64
		{C476D874-9355-40DA-BAB7-F4FD8A4C5C5C}.Debug|x64.ActiveCfg = Debug|x64
		{C476D874-9355-40DA-BAB7-F4FD8A4C5C5C}.Debug|x64.Build.0 = Debug|x64
		{C476D874-9355-40DA-BAB7-F4FD8A4C5C5C}.Debug|x64.Deploy.0 = Debug|x64
		{C476D874-9355-40DA-BAB7-F4FD8A4C5C5C}.Debug|x86.ActiveCfg = Debug|x86
		{C476D874-9355-40DA-BAB7-F4FD8A4C5C5C}.Debug|x86.Build.0 = Debug|x86
		{C476D874-9355-40DA-BAB7-F4FD8A4C5C5C}.Debug|x86.Deploy.0 = Debug|x86
		{C476D874-9355-40DA-BAB7-F4FD8A4C5C5C}.Release|Any CPU.ActiveCfg = Release|x86
		{C476D874-9355-40DA-BAB7-F4FD8A4C5C5C}.Release|ARM.ActiveCfg = Release|ARM
		{C476D874-9355-40DA-BAB7-F4FD8A4C5C5C}.Release|ARM.Build.0 = Release|ARM
		{C476D874-9355-40DA-BAB7-F4FD8A4C5C5C}.Release|ARM.Deploy.0 = Release|ARM
		{C476D874-9355-40DA-BAB7-F4FD8A4C5C5C}.Release|ARM64.ActiveCfg = Release|ARM64
		{C476D874-9355-40DA-BAB7-F4FD8A4C5C5C}.Release|ARM64.Build.0 = Release|ARM64
		{C476D874-9355-40DA-BAB7-F4FD8A4C5C5C}.Release|ARM64.Deploy.0 = Release|ARM64
		{C476D874-9355-40DA-BAB7-F4FD8A4C5C5C}.Release|x64.ActiveCfg = Release|x64
		{C476D874-9355-40DA-BAB7-F4FD8A4C5C5C}.Release|x64.Build.0 = Release|x64
		{C476D874-9355-40DA-BAB7-F4FD8A4C5C5C}.Release|x64.Deploy.0 = Release|x64
		{C476D874-9355-40DA-BAB7-F4FD8A4C5C5C}.Release|x86.ActiveCfg = Release|x86
		{C476D874-9355-40DA-BAB7-F4FD8A4C5C5C}.Release|x86.Build.0 = Release|x86
		{C476D874-9355-40DA-BAB7-F4FD8A4C5C5C}.Release|x86.Deploy.0 = Release|x86
		{50B92BE0-84F5-49D8-98A2-BB0E25F1CF85}.Debug|Any CPU.ActiveCfg = Debug|Any CPU
		{50B92BE0-84F5-49D8-98A2-BB0E25F1CF85}.Debug|Any CPU.Build.0 = Debug|Any CPU
		{50B92BE0-84F5-49D8-98A2-BB0E25F1CF85}.Debug|ARM.ActiveCfg = Debug|Any CPU
		{50B92BE0-84F5-49D8-98A2-BB0E25F1CF85}.Debug|ARM.Build.0 = Debug|Any CPU
		{50B92BE0-84F5-49D8-98A2-BB0E25F1CF85}.Debug|ARM64.ActiveCfg = Debug|Any CPU
		{50B92BE0-84F5-49D8-98A2-BB0E25F1CF85}.Debug|ARM64.Build.0 = Debug|Any CPU
		{50B92BE0-84F5-49D8-98A2-BB0E25F1CF85}.Debug|x64.ActiveCfg = Debug|Any CPU
		{50B92BE0-84F5-49D8-98A2-BB0E25F1CF85}.Debug|x64.Build.0 = Debug|Any CPU
		{50B92BE0-84F5-49D8-98A2-BB0E25F1CF85}.Debug|x86.ActiveCfg = Debug|Any CPU
		{50B92BE0-84F5-49D8-98A2-BB0E25F1CF85}.Debug|x86.Build.0 = Debug|Any CPU
		{50B92BE0-84F5-49D8-98A2-BB0E25F1CF85}.Release|Any CPU.ActiveCfg = Release|Any CPU
		{50B92BE0-84F5-49D8-98A2-BB0E25F1CF85}.Release|Any CPU.Build.0 = Release|Any CPU
		{50B92BE0-84F5-49D8-98A2-BB0E25F1CF85}.Release|ARM.ActiveCfg = Release|Any CPU
		{50B92BE0-84F5-49D8-98A2-BB0E25F1CF85}.Release|ARM.Build.0 = Release|Any CPU
		{50B92BE0-84F5-49D8-98A2-BB0E25F1CF85}.Release|ARM64.ActiveCfg = Release|Any CPU
		{50B92BE0-84F5-49D8-98A2-BB0E25F1CF85}.Release|ARM64.Build.0 = Release|Any CPU
		{50B92BE0-84F5-49D8-98A2-BB0E25F1CF85}.Release|x64.ActiveCfg = Release|Any CPU
		{50B92BE0-84F5-49D8-98A2-BB0E25F1CF85}.Release|x64.Build.0 = Release|Any CPU
		{50B92BE0-84F5-49D8-98A2-BB0E25F1CF85}.Release|x86.ActiveCfg = Release|Any CPU
		{50B92BE0-84F5-49D8-98A2-BB0E25F1CF85}.Release|x86.Build.0 = Release|Any CPU
	EndGlobalSection
	GlobalSection(SolutionProperties) = preSolution
		HideSolutionNode = FALSE
	EndGlobalSection
	GlobalSection(NestedProjects) = preSolution
		{8E9D5845-EF61-4590-BF31-1F888E37940F} = {C5C5158F-FF3B-432C-8E21-6B452059F7B2}
		{A5BFD20D-B7A9-48D7-91E2-272431A6B4E4} = {C5C5158F-FF3B-432C-8E21-6B452059F7B2}
		{EB29ED40-B15A-42D9-9FCD-7C98EEF60E3B} = {C5C5158F-FF3B-432C-8E21-6B452059F7B2}
		{437C0B4C-F231-4297-AA83-25E3A2B9F7E0} = {920B1D47-D6C4-46D5-9F15-74A04647BE54}
		{C476D874-9355-40DA-BAB7-F4FD8A4C5C5C} = {920B1D47-D6C4-46D5-9F15-74A04647BE54}
		{50B92BE0-84F5-49D8-98A2-BB0E25F1CF85} = {920B1D47-D6C4-46D5-9F15-74A04647BE54}
	EndGlobalSection
	GlobalSection(ExtensibilityGlobals) = postSolution
		SolutionGuid = {33268A21-A16B-4652-BB19-23323E3430D0}
	EndGlobalSection
EndGlobal
